
Microsoft Visual Studio Solution File, Format Version 12.00
# Visual Studio 15
VisualStudioVersion = 15.0.28010.2016
MinimumVisualStudioVersion = 10.0.40219.1
Project("{FAE04EC0-301F-11D3-BF4B-00C04F79EFBC}") = "Collection", "ConsoleApp12\Collection.csproj", "{47E9AE68-2B2C-4813-A946-C8BFD112D2A1}"
EndProject
Project("{FAE04EC0-301F-11D3-BF4B-00C04F79EFBC}") = "CollectionTest", "UnitTestProject1\CollectionTest.csproj", "{5AFF8E59-1C46-4475-97F4-9B954E823B03}"
EndProject
Global
	GlobalSection(SolutionConfigurationPlatforms) = preSolution
		Debug|Any CPU = Debug|Any CPU
		Release|Any CPU = Release|Any CPU
	EndGlobalSection
	GlobalSection(ProjectConfigurationPlatforms) = postSolution
		{47E9AE68-2B2C-4813-A946-C8BFD112D2A1}.Debug|Any CPU.ActiveCfg = Debug|Any CPU
		{47E9AE68-2B2C-4813-A946-C8BFD112D2A1}.Debug|Any CPU.Build.0 = Debug|Any CPU
		{47E9AE68-2B2C-4813-A946-C8BFD112D2A1}.Release|Any CPU.ActiveCfg = Release|Any CPU
		{47E9AE68-2B2C-4813-A946-C8BFD112D2A1}.Release|Any CPU.Build.0 = Release|Any CPU
		{5AFF8E59-1C46-4475-97F4-9B954E823B03}.Debug|Any CPU.ActiveCfg = Debug|Any CPU
		{5AFF8E59-1C46-4475-97F4-9B954E823B03}.Debug|Any CPU.Build.0 = Debug|Any CPU
		{5AFF8E59-1C46-4475-97F4-9B954E823B03}.Release|Any CPU.ActiveCfg = Release|Any CPU
		{5AFF8E59-1C46-4475-97F4-9B954E823B03}.Release|Any CPU.Build.0 = Release|Any CPU
	EndGlobalSection
	GlobalSection(SolutionProperties) = preSolution
		HideSolutionNode = FALSE
	EndGlobalSection
	GlobalSection(ExtensibilityGlobals) = postSolution
		SolutionGuid = {E92526B6-42E7-410F-A8F0-EA1F3FB2ECCF}
	EndGlobalSection
EndGlobal
